{
  "name": "parser",
  "lockfileVersion": 3,
  "requires": true,
  "packages": {
    "": {
      "dependencies": {
        "jsonous": "^8.0.0"
      }
    },
    "node_modules/date-fns": {
      "version": "3.6.0",
      "resolved": "https://registry.npmjs.org/date-fns/-/date-fns-3.6.0.tgz",
      "integrity": "sha512-fRHTG8g/Gif+kSh50gaGEdToemgfj74aRX3swtiouboip5JDLAyDE9F11nHMIcvOaXeOC6D7SpNhi7uFyB7Uww==",
      "license": "MIT",
      "funding": {
        "type": "github",
        "url": "https://github.com/sponsors/kossnocorp"
      }
    },
    "node_modules/jsonous": {
      "version": "8.0.0",
      "resolved": "https://registry.npmjs.org/jsonous/-/jsonous-8.0.0.tgz",
      "integrity": "sha512-Ffab1PYIrLf+2rMc+EPgycrAt0D8EQwrBBUawSMUFjfVFBVeH5P+vfFkw9nVvpkX3k4P+QHl25RlBqIBWN7f4A==",
      "license": "MIT",
      "dependencies": {
        "date-fns": "^3.6.0",
        "maybeasy": "^6.2.0",
        "resulty": "^6.1.0",
        "weakset": "^1.0.0"
      }
    },
    "node_modules/maybeasy": {
      "version": "6.3.0",
      "resolved": "https://registry.npmjs.org/maybeasy/-/maybeasy-6.3.0.tgz",
      "integrity": "sha512-/ygDC23BDtETAKyt5Jtd7sLEWIxq5Hc9/vzsFWyH7d88+N91s92AQlRwElYxgdiyQYW5ZBvc85EqXBizo0OImA==",
      "license": "MIT"
    },
    "node_modules/resulty": {
      "version": "6.2.0",
      "resolved": "https://registry.npmjs.org/resulty/-/resulty-6.2.0.tgz",
      "integrity": "sha512-Or+eiM4jiD+bHOwNQVxgco2N2ddn8TN3CKwlYyScn3fHFbwMgJOY8zNjN0HkIS+2rzawpy71TI0YKn+ed611eQ==",
      "license": "MIT"
    },
    "node_modules/weakset": {
      "version": "1.0.0",
      "resolved": "https://registry.npmjs.org/weakset/-/weakset-1.0.0.tgz",
      "integrity": "sha512-7OciuGPBNuxYyFuj7gAKahwlXM014hZY57qrrR4fOey6NdXjM6HZKZfM+ANO91dHUGeH89EfR3RsTqN3x7/+Qw==",
      "license": "MIT"
    }
  }
}
